
Microsoft Visual Studio Solution File, Format Version 12.00
# Visual Studio 15
VisualStudioVersion = 15.0.28307.852
MinimumVisualStudioVersion = 10.0.40219.1
Project("{FAE04EC0-301F-11D3-BF4B-00C04F79EFBC}") = "LAWC", "LAWC\LAWC.csproj", "{D98BD50F-E150-4CDE-B4C9-8968B965057F}"
	ProjectSection(ProjectDependencies) = postProject
		{8A7EB2F4-8C39-481A-8B75-3D2350C95CC5} = {8A7EB2F4-8C39-481A-8B75-3D2350C95CC5}
	EndProjectSection
EndProject
Project("{FAE04EC0-301F-11D3-BF4B-00C04F79EFBC}") = "OpenWeatherAPI", "OpenWeatherAPI\OpenWeatherAPI.csproj", "{8A7EB2F4-8C39-481A-8B75-3D2350C95CC5}"
EndProject
Global
	GlobalSection(SolutionConfigurationPlatforms) = preSolution
		Debug|Any CPU = Debug|Any CPU
		Release|Any CPU = Release|Any CPU
	EndGlobalSection
	GlobalSection(ProjectConfigurationPlatforms) = postSolution
		{D98BD50F-E150-4CDE-B4C9-8968B965057F}.Debug|Any CPU.ActiveCfg = Debug|Any CPU
		{D98BD50F-E150-4CDE-B4C9-8968B965057F}.Debug|Any CPU.Build.0 = Debug|Any CPU
		{D98BD50F-E150-4CDE-B4C9-8968B965057F}.Release|Any CPU.ActiveCfg = Release|Any CPU
		{D98BD50F-E150-4CDE-B4C9-8968B965057F}.Release|Any CPU.Build.0 = Release|Any CPU
		{8A7EB2F4-8C39-481A-8B75-3D2350C95CC5}.Debug|Any CPU.ActiveCfg = Debug|Any CPU
		{8A7EB2F4-8C39-481A-8B75-3D2350C95CC5}.Debug|Any CPU.Build.0 = Debug|Any CPU
		{8A7EB2F4-8C39-481A-8B75-3D2350C95CC5}.Release|Any CPU.ActiveCfg = Release|Any CPU
		{8A7EB2F4-8C39-481A-8B75-3D2350C95CC5}.Release|Any CPU.Build.0 = Release|Any CPU
	EndGlobalSection
	GlobalSection(SolutionProperties) = preSolution
		HideSolutionNode = FALSE
	EndGlobalSection
	GlobalSection(ExtensibilityGlobals) = postSolution
		SolutionGuid = {CE7D452E-7A88-4180-9246-056CD9274661}
	EndGlobalSection
EndGlobal
